
Microsoft Visual Studio Solution File, Format Version 12.00
# Visual Studio Version 16
VisualStudioVersion = 16.0.28922.388
MinimumVisualStudioVersion = 10.0.40219.1
Project("{9A19103F-16F7-4668-BE54-9A1E7A4F7556}") = "FraudPredictionFunction", "FraudPredictionFunction\FraudPredictionFunction.csproj", "{282BA0EC-A4D3-44E9-BB1D-541C835E9DD1}"
EndProject
Global
	GlobalSection(SolutionConfigurationPlatforms) = preSolution
		Debug|Any CPU = Debug|Any CPU
		Release|Any CPU = Release|Any CPU
	EndGlobalSection
	GlobalSection(ProjectConfigurationPlatforms) = postSolution
		{282BA0EC-A4D3-44E9-BB1D-541C835E9DD1}.Debug|Any CPU.ActiveCfg = Debug|Any CPU
		{282BA0EC-A4D3-44E9-BB1D-541C835E9DD1}.Debug|Any CPU.Build.0 = Debug|Any CPU
		{282BA0EC-A4D3-44E9-BB1D-541C835E9DD1}.Release|Any CPU.ActiveCfg = Release|Any CPU
		{282BA0EC-A4D3-44E9-BB1D-541C835E9DD1}.Release|Any CPU.Build.0 = Release|Any CPU
	EndGlobalSection
	GlobalSection(SolutionProperties) = preSolution
		HideSolutionNode = FALSE
	EndGlobalSection
	GlobalSection(ExtensibilityGlobals) = postSolution
		SolutionGuid = {DB3154E5-DC85-45B6-BE04-FE2C62EAB5AC}
	EndGlobalSection
EndGlobal
